
Microsoft Visual Studio Solution File, Format Version 12.00
# Visual Studio Version 17
VisualStudioVersion = 17.4.32804.182
MinimumVisualStudioVersion = 10.0.40219.1
Project("{F2A71F9B-5D33-465A-A702-920D77279786}") = "Assignment 2", "Assignment 2\Assignment 2.fsproj", "{1C1D2F7D-812B-4C76-B4A0-A746BCC97002}"
EndProject
Global
	GlobalSection(SolutionConfigurationPlatforms) = preSolution
		Debug|Any CPU = Debug|Any CPU
		Release|Any CPU = Release|Any CPU
	EndGlobalSection
	GlobalSection(ProjectConfigurationPlatforms) = postSolution
		{1C1D2F7D-812B-4C76-B4A0-A746BCC97002}.Debug|Any CPU.ActiveCfg = Debug|Any CPU
		{1C1D2F7D-812B-4C76-B4A0-A746BCC97002}.Debug|Any CPU.Build.0 = Debug|Any CPU
		{1C1D2F7D-812B-4C76-B4A0-A746BCC97002}.Release|Any CPU.ActiveCfg = Release|Any CPU
		{1C1D2F7D-812B-4C76-B4A0-A746BCC97002}.Release|Any CPU.Build.0 = Release|Any CPU
	EndGlobalSection
	GlobalSection(SolutionProperties) = preSolution
		HideSolutionNode = FALSE
	EndGlobalSection
	GlobalSection(ExtensibilityGlobals) = postSolution
		SolutionGuid = {767601DA-59FF-42C9-8B09-7A96032A482A}
	EndGlobalSection
EndGlobal
